// !$*UTF8*$!
{
	archiveVersion = 1;
	classes = {
	};
	objectVersion = 48;
	objects = {

/* Begin PBXBuildFile section */
		455082FF1FB0490400628183 /* AppDelegate.swift in Sources */ = {isa = PBXBuildFile; fileRef = 455082FE1FB0490400628183 /* AppDelegate.swift */; };
		455083011FB0490400628183 /* ViewController.swift in Sources */ = {isa = PBXBuildFile; fileRef = 455083001FB0490400628183 /* ViewController.swift */; };
		455083041FB0490400628183 /* Main.storyboard in Resources */ = {isa = PBXBuildFile; fileRef = 455083021FB0490400628183 /* Main.storyboard */; };
		455083061FB0490400628183 /* Assets.xcassets in Resources */ = {isa = PBXBuildFile; fileRef = 455083051FB0490400628183 /* Assets.xcassets */; };
		455083091FB0490400628183 /* LaunchScreen.storyboard in Resources */ = {isa = PBXBuildFile; fileRef = 455083071FB0490400628183 /* LaunchScreen.storyboard */; };
		455083121FB049BB00628183 /* b.npy in Resources */ = {isa = PBXBuildFile; fileRef = 455083101FB049BB00628183 /* b.npy */; };
		455083131FB049BB00628183 /* W.npy in Resources */ = {isa = PBXBuildFile; fileRef = 455083111FB049BB00628183 /* W.npy */; };
		455083201FB04D8C00628183 /* DataType.swift in Sources */ = {isa = PBXBuildFile; fileRef = 455083181FB04D8C00628183 /* DataType.swift */; };
		455083211FB04D8C00628183 /* NpySaver.swift in Sources */ = {isa = PBXBuildFile; fileRef = 455083191FB04D8C00628183 /* NpySaver.swift */; };
		455083221FB04D8C00628183 /* NpyLoader.swift in Sources */ = {isa = PBXBuildFile; fileRef = 4550831A1FB04D8C00628183 /* NpyLoader.swift */; };
		455083231FB04D8C00628183 /* NpyHeader.swift in Sources */ = {isa = PBXBuildFile; fileRef = 4550831B1FB04D8C00628183 /* NpyHeader.swift */; };
		455083251FB04D8C00628183 /* Npz.swift in Sources */ = {isa = PBXBuildFile; fileRef = 4550831D1FB04D8C00628183 /* Npz.swift */; };
		455083261FB04D8C00628183 /* Npy.swift in Sources */ = {isa = PBXBuildFile; fileRef = 4550831E1FB04D8C00628183 /* Npy.swift */; };
		455083281FB05A0600628183 /* Model.swift in Sources */ = {isa = PBXBuildFile; fileRef = 455083271FB05A0600628183 /* Model.swift */; };
		4550832A1FB08FDB00628183 /* BoardView.swift in Sources */ = {isa = PBXBuildFile; fileRef = 455083291FB08FDB00628183 /* BoardView.swift */; };
		4550832C1FB0939800628183 /* Board.swift in Sources */ = {isa = PBXBuildFile; fileRef = 4550832B1FB0939800628183 /* Board.swift */; };
/* End PBXBuildFile section */

/* Begin PBXFileReference section */
		455082FB1FB0490400628183 /* Zilisweeper.app */ = {isa = PBXFileReference; explicitFileType = wrapper.application; includeInIndex = 0; path = Zilisweeper.app; sourceTree = BUILT_PRODUCTS_DIR; };
		455082FE1FB0490400628183 /* AppDelegate.swift */ = {isa = PBXFileReference; lastKnownFileType = sourcecode.swift; path = AppDelegate.swift; sourceTree = "<group>"; };
		455083001FB0490400628183 /* ViewController.swift */ = {isa = PBXFileReference; lastKnownFileType = sourcecode.swift; path = ViewController.swift; sourceTree = "<group>"; };
		455083031FB0490400628183 /* Base */ = {isa = PBXFileReference; lastKnownFileType = file.storyboard; name = Base; path = Base.lproj/Main.storyboard; sourceTree = "<group>"; };
		455083051FB0490400628183 /* Assets.xcassets */ = {isa = PBXFileReference; lastKnownFileType = folder.assetcatalog; path = Assets.xcassets; sourceTree = "<group>"; };
		455083081FB0490400628183 /* Base */ = {isa = PBXFileReference; lastKnownFileType = file.storyboard; name = Base; path = Base.lproj/LaunchScreen.storyboard; sourceTree = "<group>"; };
		4550830A1FB0490400628183 /* Info.plist */ = {isa = PBXFileReference; lastKnownFileType = text.plist.xml; path = Info.plist; sourceTree = "<group>"; };
		455083101FB049BB00628183 /* b.npy */ = {isa = PBXFileReference; lastKnownFileType = file; path = b.npy; sourceTree = "<group>"; };
		455083111FB049BB00628183 /* W.npy */ = {isa = PBXFileReference; lastKnownFileType = file; path = W.npy; sourceTree = "<group>"; };
		455083171FB04D8C00628183 /* NpzLoader.swift */ = {isa = PBXFileReference; fileEncoding = 4; lastKnownFileType = sourcecode.swift; path = NpzLoader.swift; sourceTree = "<group>"; };
		455083181FB04D8C00628183 /* DataType.swift */ = {isa = PBXFileReference; fileEncoding = 4; lastKnownFileType = sourcecode.swift; path = DataType.swift; sourceTree = "<group>"; };
		455083191FB04D8C00628183 /* NpySaver.swift */ = {isa = PBXFileReference; fileEncoding = 4; lastKnownFileType = sourcecode.swift; path = NpySaver.swift; sourceTree = "<group>"; };
		4550831A1FB04D8C00628183 /* NpyLoader.swift */ = {isa = PBXFileReference; fileEncoding = 4; lastKnownFileType = sourcecode.swift; path = NpyLoader.swift; sourceTree = "<group>"; };
		4550831B1FB04D8C00628183 /* NpyHeader.swift */ = {isa = PBXFileReference; fileEncoding = 4; lastKnownFileType = sourcecode.swift; path = NpyHeader.swift; sourceTree = "<group>"; };
		4550831C1FB04D8C00628183 /* NpzSaver.swift */ = {isa = PBXFileReference; fileEncoding = 4; lastKnownFileType = sourcecode.swift; path = NpzSaver.swift; sourceTree = "<group>"; };
		4550831D1FB04D8C00628183 /* Npz.swift */ = {isa = PBXFileReference; fileEncoding = 4; lastKnownFileType = sourcecode.swift; path = Npz.swift; sourceTree = "<group>"; };
		4550831E1FB04D8C00628183 /* Npy.swift */ = {isa = PBXFileReference; fileEncoding = 4; lastKnownFileType = sourcecode.swift; path = Npy.swift; sourceTree = "<group>"; };
		455083271FB05A0600628183 /* Model.swift */ = {isa = PBXFileReference; lastKnownFileType = sourcecode.swift; path = Model.swift; sourceTree = "<group>"; };
		455083291FB08FDB00628183 /* BoardView.swift */ = {isa = PBXFileReference; lastKnownFileType = sourcecode.swift; path = BoardView.swift; sourceTree = "<group>"; };
		4550832B1FB0939800628183 /* Board.swift */ = {isa = PBXFileReference; lastKnownFileType = sourcecode.swift; path = Board.swift; sourceTree = "<group>"; };
/* End PBXFileReference section */

/* Begin PBXFrameworksBuildPhase section */
		455082F81FB0490400628183 /* Frameworks */ = {
			isa = PBXFrameworksBuildPhase;
			buildActionMask = 2147483647;
			files = (
			);
			runOnlyForDeploymentPostprocessing = 0;
		};
/* End PBXFrameworksBuildPhase section */

/* Begin PBXGroup section */
		455082F21FB0490400628183 = {
			isa = PBXGroup;
			children = (
				455082FD1FB0490400628183 /* Zilisweeper */,
				455082FC1FB0490400628183 /* Products */,
			);
			sourceTree = "<group>";
		};
		455082FC1FB0490400628183 /* Products */ = {
			isa = PBXGroup;
			children = (
				455082FB1FB0490400628183 /* Zilisweeper.app */,
			);
			name = Products;
			sourceTree = "<group>";
		};
		455082FD1FB0490400628183 /* Zilisweeper */ = {
			isa = PBXGroup;
			children = (
				455082FE1FB0490400628183 /* AppDelegate.swift */,
				455083001FB0490400628183 /* ViewController.swift */,
				455083291FB08FDB00628183 /* BoardView.swift */,
				4550832B1FB0939800628183 /* Board.swift */,
				455083271FB05A0600628183 /* Model.swift */,
				455083161FB04D8C00628183 /* SwiftNpy */,
				455083101FB049BB00628183 /* b.npy */,
				455083111FB049BB00628183 /* W.npy */,
				455083021FB0490400628183 /* Main.storyboard */,
				455083051FB0490400628183 /* Assets.xcassets */,
				455083071FB0490400628183 /* LaunchScreen.storyboard */,
				4550830A1FB0490400628183 /* Info.plist */,
			);
			path = Zilisweeper;
			sourceTree = "<group>";
		};
		455083161FB04D8C00628183 /* SwiftNpy */ = {
			isa = PBXGroup;
			children = (
				455083171FB04D8C00628183 /* NpzLoader.swift */,
				455083181FB04D8C00628183 /* DataType.swift */,
				455083191FB04D8C00628183 /* NpySaver.swift */,
				4550831A1FB04D8C00628183 /* NpyLoader.swift */,
				4550831B1FB04D8C00628183 /* NpyHeader.swift */,
				4550831C1FB04D8C00628183 /* NpzSaver.swift */,
				4550831D1FB04D8C00628183 /* Npz.swift */,
				4550831E1FB04D8C00628183 /* Npy.swift */,
			);
			path = SwiftNpy;
			sourceTree = "<group>";
		};
/* End PBXGroup section */

/* Begin PBXNativeTarget section */
		455082FA1FB0490400628183 /* Zilisweeper */ = {
			isa = PBXNativeTarget;
			buildConfigurationList = 4550830D1FB0490400628183 /* Build configuration list for PBXNativeTarget "Zilisweeper" */;
			buildPhases = (
				455082F71FB0490400628183 /* Sources */,
				455082F81FB0490400628183 /* Frameworks */,
				455082F91FB0490400628183 /* Resources */,
			);
			buildRules = (
			);
			dependencies = (
			);
			name = Zilisweeper;
			productName = Zilisweeper;
			productReference = 455082FB1FB0490400628183 /* Zilisweeper.app */;
			productType = "com.apple.product-type.application";
		};
/* End PBXNativeTarget section */

/* Begin PBXProject section */
		455082F31FB0490400628183 /* Project object */ = {
			isa = PBXProject;
			attributes = {
				LastSwiftUpdateCheck = 0910;
				LastUpgradeCheck = 0910;
				ORGANIZATIONNAME = "Ruben Zilibowitz";
				TargetAttributes = {
					455082FA1FB0490400628183 = {
						CreatedOnToolsVersion = 9.1;
						ProvisioningStyle = Automatic;
					};
				};
			};
			buildConfigurationList = 455082F61FB0490400628183 /* Build configuration list for PBXProject "Zilisweeper" */;
			compatibilityVersion = "Xcode 8.0";
			developmentRegion = en;
			hasScannedForEncodings = 0;
			knownRegions = (
				en,
				Base,
			);
			mainGroup = 455082F21FB0490400628183;
			productRefGroup = 455082FC1FB0490400628183 /* Products */;
			projectDirPath = "";
			projectRoot = "";
			targets = (
				455082FA1FB0490400628183 /* Zilisweeper */,
			);
		};
/* End PBXProject section */

/* Begin PBXResourcesBuildPhase section */
		455082F91FB0490400628183 /* Resources */ = {
			isa = PBXResourcesBuildPhase;
			buildActionMask = 2147483647;
			files = (
				455083131FB049BB00628183 /* W.npy in Resources */,
				455083121FB049BB00628183 /* b.npy in Resources */,
				455083091FB0490400628183 /* LaunchScreen.storyboard in Resources */,
				455083061FB0490400628183 /* Assets.xcassets in Resources */,
				455083041FB0490400628183 /* Main.storyboard in Resources */,
			);
			runOnlyForDeploymentPostprocessing = 0;
		};
/* End PBXResourcesBuildPhase section */

/* Begin PBXSourcesBuildPhase section */
		455082F71FB0490400628183 /* Sources */ = {
			isa = PBXSourcesBuildPhase;
			buildActionMask = 2147483647;
			files = (
				455083281FB05A0600628183 /* Model.swift in Sources */,
				455083221FB04D8C00628183 /* NpyLoader.swift in Sources */,
				4550832A1FB08FDB00628183 /* BoardView.swift in Sources */,
				455083261FB04D8C00628183 /* Npy.swift in Sources */,
				4550832C1FB0939800628183 /* Board.swift in Sources */,
				455083011FB0490400628183 /* ViewController.swift in Sources */,
				455083231FB04D8C00628183 /* NpyHeader.swift in Sources */,
				455083201FB04D8C00628183 /* DataType.swift in Sources */,
				455083211FB04D8C00628183 /* NpySaver.swift in Sources */,
				455083251FB04D8C00628183 /* Npz.swift in Sources */,
				455082FF1FB0490400628183 /* AppDelegate.swift in Sources */,
			);
			runOnlyForDeploymentPostprocessing = 0;
		};
/* End PBXSourcesBuildPhase section */

/* Begin PBXVariantGroup section */
		455083021FB0490400628183 /* Main.storyboard */ = {
			isa = PBXVariantGroup;
			children = (
				455083031FB0490400628183 /* Base */,
			);
			name = Main.storyboard;
			sourceTree = "<group>";
		};
		455083071FB0490400628183 /* LaunchScreen.storyboard */ = {
			isa = PBXVariantGroup;
			children = (
				455083081FB0490400628183 /* Base */,
			);
			name = LaunchScreen.storyboard;
			sourceTree = "<group>";
		};
/* End PBXVariantGroup section */

/* Begin XCBuildConfiguration section */
		4550830B1FB0490400628183 /* Debug */ = {
			isa = XCBuildConfiguration;
			buildSettings = {
				ALWAYS_SEARCH_USER_PATHS = NO;
				CLANG_ANALYZER_NONNULL = YES;
				CLANG_ANALYZER_NUMBER_OBJECT_CONVERSION = YES_AGGRESSIVE;
				CLANG_CXX_LANGUAGE_STANDARD = "gnu++14";
				CLANG_CXX_LIBRARY = "libc++";
				CLANG_ENABLE_MODULES = YES;
				CLANG_ENABLE_OBJC_ARC = YES;
				CLANG_WARN_BLOCK_CAPTURE_AUTORELEASING = YES;
				CLANG_WARN_BOOL_CONVERSION = YES;
				CLANG_WARN_COMMA = YES;
				CLANG_WARN_CONSTANT_CONVERSION = YES;
				CLANG_WARN_DIRECT_OBJC_ISA_USAGE = YES_ERROR;
				CLANG_WARN_DOCUMENTATION_COMMENTS = YES;
				CLANG_WARN_EMPTY_BODY = YES;
				CLANG_WARN_ENUM_CONVERSION = YES;
				CLANG_WARN_INFINITE_RECURSION = YES;
				CLANG_WARN_INT_CONVERSION = YES;
				CLANG_WARN_NON_LITERAL_NULL_CONVERSION = YES;
				CLANG_WARN_OBJC_LITERAL_CONVERSION = YES;
				CLANG_WARN_OBJC_ROOT_CLASS = YES_ERROR;
				CLANG_WARN_RANGE_LOOP_ANALYSIS = YES;
				CLANG_WARN_STRICT_PROTOTYPES = YES;
				CLANG_WARN_SUSPICIOUS_MOVE = YES;
				CLANG_WARN_UNGUARDED_AVAILABILITY = YES_AGGRESSIVE;
				CLANG_WARN_UNREACHABLE_CODE = YES;
				CLANG_WARN__DUPLICATE_METHOD_MATCH = YES;
				CODE_SIGN_IDENTITY = "iPhone Developer";
				COPY_PHASE_STRIP = NO;
				DEBUG_INFORMATION_FORMAT = dwarf;
				ENABLE_STRICT_OBJC_MSGSEND = YES;
				ENABLE_TESTABILITY = YES;
				GCC_C_LANGUAGE_STANDARD = gnu11;
				GCC_DYNAMIC_NO_PIC = NO;
				GCC_NO_COMMON_BLOCKS = YES;
				GCC_OPTIMIZATION_LEVEL = 0;
				GCC_PREPROCESSOR_DEFINITIONS = (
					"DEBUG=1",
					"$(inherited)",
				);
				GCC_WARN_64_TO_32_BIT_CONVERSION = YES;
				GCC_WARN_ABOUT_RETURN_TYPE = YES_ERROR;
				GCC_WARN_UNDECLARED_SELECTOR = YES;
				GCC_WARN_UNINITIALIZED_AUTOS = YES_AGGRESSIVE;
				GCC_WARN_UNUSED_FUNCTION = YES;
				GCC_WARN_UNUSED_VARIABLE = YES;
				IPHONEOS_DEPLOYMENT_TARGET = 11.1;
				MTL_ENABLE_DEBUG_INFO = YES;
				ONLY_ACTIVE_ARCH = YES;
				SDKROOT = iphoneos;
				SWIFT_ACTIVE_COMPILATION_CONDITIONS = DEBUG;
				SWIFT_OPTIMIZATION_LEVEL = "-Onone";
			};
			name = Debug;
		};
		4550830C1FB0490400628183 /* Release */ = {
			isa = XCBuildConfiguration;
			buildSettings = {
				ALWAYS_SEARCH_USER_PATHS = NO;
				CLANG_ANALYZER_NONNULL = YES;
				CLANG_ANALYZER_NUMBER_OBJECT_CONVERSION = YES_AGGRESSIVE;
				CLANG_CXX_LANGUAGE_STANDARD = "gnu++14";
				CLANG_CXX_LIBRARY = "libc++";
				CLANG_ENABLE_MODULES = YES;
				CLANG_ENABLE_OBJC_ARC = YES;
				CLANG_WARN_BLOCK_CAPTURE_AUTORELEASING = YES;
				CLANG_WARN_BOOL_CONVERSION = YES;
				CLANG_WARN_COMMA = YES;
				CLANG_WARN_CONSTANT_CONVERSION = YES;
				CLANG_WARN_DIRECT_OBJC_ISA_USAGE = YES_ERROR;
				CLANG_WARN_DOCUMENTATION_COMMENTS = YES;
				CLANG_WARN_EMPTY_BODY = YES;
				CLANG_WARN_ENUM_CONVERSION = YES;
				CLANG_WARN_INFINITE_RECURSION = YES;
				CLANG_WARN_INT_CONVERSION = YES;
				CLANG_WARN_NON_LITERAL_NULL_CONVERSION = YES;
				CLANG_WARN_OBJC_LITERAL_CONVERSION = YES;
				CLANG_WARN_OBJC_ROOT_CLASS = YES_ERROR;
				CLANG_WARN_RANGE_LOOP_ANALYSIS = YES;
				CLANG_WARN_STRICT_PROTOTYPES = YES;
				CLANG_WARN_SUSPICIOUS_MOVE = YES;
				CLANG_WARN_UNGUARDED_AVAILABILITY = YES_AGGRESSIVE;
				CLANG_WARN_UNREACHABLE_CODE = YES;
				CLANG_WARN__DUPLICATE_METHOD_MATCH = YES;
				CODE_SIGN_IDENTITY = "iPhone Developer";
				COPY_PHASE_STRIP = NO;
				DEBUG_INFORMATION_FORMAT = "dwarf-with-dsym";
				ENABLE_NS_ASSERTIONS = NO;
				ENABLE_STRICT_OBJC_MSGSEND = YES;
				GCC_C_LANGUAGE_STANDARD = gnu11;
				GCC_NO_COMMON_BLOCKS = YES;
				GCC_WARN_64_TO_32_BIT_CONVERSION = YES;
				GCC_WARN_ABOUT_RETURN_TYPE = YES_ERROR;
				GCC_WARN_UNDECLARED_SELECTOR = YES;
				GCC_WARN_UNINITIALIZED_AUTOS = YES_AGGRESSIVE;
				GCC_WARN_UNUSED_FUNCTION = YES;
				GCC_WARN_UNUSED_VARIABLE = YES;
				IPHONEOS_DEPLOYMENT_TARGET = 11.1;
				MTL_ENABLE_DEBUG_INFO = NO;
				SDKROOT = iphoneos;
				SWIFT_OPTIMIZATION_LEVEL = "-Owholemodule";
				VALIDATE_PRODUCT = YES;
			};
			name = Release;
		};
		4550830E1FB0490400628183 /* Debug */ = {
			isa = XCBuildConfiguration;
			buildSettings = {
				ASSETCATALOG_COMPILER_APPICON_NAME = AppIcon;
				CODE_SIGN_STYLE = Automatic;
				DEVELOPMENT_TEAM = Z3B4RSZ587;
				INFOPLIST_FILE = Zilisweeper/Info.plist;
				LD_RUNPATH_SEARCH_PATHS = "$(inherited) @executable_path/Frameworks";
				PRODUCT_BUNDLE_IDENTIFIER = com.monyss.Zilisweeper;
				PRODUCT_NAME = "$(TARGET_NAME)";
				SWIFT_VERSION = 4.0;
				TARGETED_DEVICE_FAMILY = "1,2";
			};
			name = Debug;
		};
		4550830F1FB0490400628183 /* Release */ = {
			isa = XCBuildConfiguration;
			buildSettings = {
				ASSETCATALOG_COMPILER_APPICON_NAME = AppIcon;
				CODE_SIGN_STYLE = Automatic;
				DEVELOPMENT_TEAM = Z3B4RSZ587;
				INFOPLIST_FILE = Zilisweeper/Info.plist;
				LD_RUNPATH_SEARCH_PATHS = "$(inherited) @executable_path/Frameworks";
				PRODUCT_BUNDLE_IDENTIFIER = com.monyss.Zilisweeper;
				PRODUCT_NAME = "$(TARGET_NAME)";
				SWIFT_VERSION = 4.0;
				TARGETED_DEVICE_FAMILY = "1,2";
			};
			name = Release;
		};
/* End XCBuildConfiguration section */

/* Begin XCConfigurationList section */
		455082F61FB0490400628183 /* Build configuration list for PBXProject "Zilisweeper" */ = {
			isa = XCConfigurationList;
			buildConfigurations = (
				4550830B1FB0490400628183 /* Debug */,
				4550830C1FB0490400628183 /* Release */,
			);
			defaultConfigurationIsVisible = 0;
			defaultConfigurationName = Release;
		};
		4550830D1FB0490400628183 /* Build configuration list for PBXNativeTarget "Zilisweeper" */ = {
			isa = XCConfigurationList;
			buildConfigurations = (
				4550830E1FB0490400628183 /* Debug */,
				4550830F1FB0490400628183 /* Release */,
			);
			defaultConfigurationIsVisible = 0;
			defaultConfigurationName = Release;
		};
/* End XCConfigurationList section */
	};
	rootObject = 455082F31FB0490400628183 /* Project object */;
}
